
Microsoft Visual Studio Solution File, Format Version 12.00
# Visual Studio Version 17
VisualStudioVersion = 17.9.34607.119
MinimumVisualStudioVersion = 10.0.40219.1
Project("{9A19103F-16F7-4668-BE54-9A1E7A4F7556}") = "SortLib",".\SortLib\SortLib.csproj", "{195E86A4-2E83-4FC6-8346-AA6C8FB6B8C6}"
EndProject
Project("{9A19103F-16F7-4668-BE54-9A1E7A4F7556}") = "SortLibTest1", ".\SortLibTest1\SortLibTest1.csproj", "{7A4C108F-BFC4-45BF-9703-C5DBA34289CC}"
EndProject
Project("{FAE04EC0-301F-11D3-BF4B-00C04F79EFBC}") = "SortLibBenchmark", ".\SortLibBenchmark\SortLibBenchmark.csproj", "{84A68FC2-8F06-4CA1-B6C7-61DF1D4C547D}"
EndProject
Global
	GlobalSection(SolutionConfigurationPlatforms) = preSolution
		Debug|Any CPU = Debug|Any CPU
		Release|Any CPU = Release|Any CPU
	EndGlobalSection
	GlobalSection(ProjectConfigurationPlatforms) = postSolution
		{195E86A4-2E83-4FC6-8346-AA6C8FB6B8C6}.Debug|Any CPU.ActiveCfg = Debug|Any CPU
		{195E86A4-2E83-4FC6-8346-AA6C8FB6B8C6}.Debug|Any CPU.Build.0 = Debug|Any CPU
		{195E86A4-2E83-4FC6-8346-AA6C8FB6B8C6}.Release|Any CPU.ActiveCfg = Release|Any CPU
		{195E86A4-2E83-4FC6-8346-AA6C8FB6B8C6}.Release|Any CPU.Build.0 = Release|Any CPU
		{7A4C108F-BFC4-45BF-9703-C5DBA34289CC}.Debug|Any CPU.ActiveCfg = Debug|Any CPU
		{7A4C108F-BFC4-45BF-9703-C5DBA34289CC}.Debug|Any CPU.Build.0 = Debug|Any CPU
		{7A4C108F-BFC4-45BF-9703-C5DBA34289CC}.Release|Any CPU.ActiveCfg = Release|Any CPU
		{7A4C108F-BFC4-45BF-9703-C5DBA34289CC}.Release|Any CPU.Build.0 = Release|Any CPU
		{84A68FC2-8F06-4CA1-B6C7-61DF1D4C547D}.Debug|Any CPU.ActiveCfg = Debug|Any CPU
		{84A68FC2-8F06-4CA1-B6C7-61DF1D4C547D}.Debug|Any CPU.Build.0 = Debug|Any CPU
		{84A68FC2-8F06-4CA1-B6C7-61DF1D4C547D}.Release|Any CPU.ActiveCfg = Release|Any CPU
		{84A68FC2-8F06-4CA1-B6C7-61DF1D4C547D}.Release|Any CPU.Build.0 = Release|Any CPU
	EndGlobalSection
	GlobalSection(SolutionProperties) = preSolution
		HideSolutionNode = FALSE
	EndGlobalSection
	GlobalSection(ExtensibilityGlobals) = postSolution
		SolutionGuid = {59754326-DD69-4BFC-9ADE-5FD9EBE0474E}
	EndGlobalSection
EndGlobal
